# THIS IS AN AUTOGENERATED FILE. DO NOT EDIT THIS FILE DIRECTLY.
# yarn lockfile v1


"@hugojosefson/env-config@^1.0.4":
  version "1.0.4"
  resolved "https://registry.yarnpkg.com/@hugojosefson/env-config/-/env-config-1.0.4.tgz#65152a25ffdb61ca1c5b485687bdb26d263b60a7"
  integrity sha512-sN8VWci58eNtW5k/citcx8c33qGyNv3WjgJxkl28GgIdQm52Ufbm2e+ZBdIKE+MTNnjGrqvolUGNLmurt7Np+w==
