# THIS IS AN AUTOGENERATED FILE. DO NOT EDIT THIS FILE DIRECTLY.
# yarn lockfile v1


"@hugojosefson/env-config@^1.1.0":
  version "1.1.0"
  resolved "https://registry.yarnpkg.com/@hugojosefson/env-config/-/env-config-1.1.0.tgz#54e66c4958a8d454d79b8d08d9f2aee17f512f1c"
  integrity sha512-UTj+yeCQ0eE6OBBA9P0yZVXEVpSP/QIDIqIF2zhQ50t5whJtLGXKf6ndOx5VYAlVpdwvFJE9FPFOyVNJWqHRug==
