# THIS IS AN AUTOGENERATED FILE. DO NOT EDIT THIS FILE DIRECTLY.
# yarn lockfile v1


"@hugojosefson/env-config@^1.2.0":
  version "1.2.0"
  resolved "https://registry.yarnpkg.com/@hugojosefson/env-config/-/env-config-1.2.0.tgz#871ca01ba168fd0935bbb2214c0d77b6460a1281"
  integrity sha512-ExfUHAfyGHiBrfImTlisGAXKLPN9e4Dw5guJ7umwj8m8Co529Mq3wtyyECkCXraTYU2LYJU3x5+v93Em/QW0uA==
