# THIS IS AN AUTOGENERATED FILE. DO NOT EDIT THIS FILE DIRECTLY.
# yarn lockfile v1


"@hugojosefson/env-config@^2.0.0":
  version "2.0.0"
  resolved "https://registry.yarnpkg.com/@hugojosefson/env-config/-/env-config-2.0.0.tgz#6a990065509085c697ff26c2a4504ee778f7112a"
  integrity sha512-feyckfi0mZq2ksy6w+KkV4D9wsHUsukKcAjgBJEqzXCb9caIUS4B5iAeOD5Hu0WrvVxHpW/a2eQ8+IXbhm1lCw==
