# THIS IS AN AUTOGENERATED FILE. DO NOT EDIT THIS FILE DIRECTLY.
# yarn lockfile v1


"@hugojosefson/env-config@^2.0.2":
  version "2.0.2"
  resolved "https://registry.yarnpkg.com/@hugojosefson/env-config/-/env-config-2.0.2.tgz#af991dd54b0bd6c9a765b2829de057224256e536"
  integrity sha512-aM77UNo5kUFCVLsqucKLIfwaiyFsSUf/XhrcAuMbYwL3d59PaxWU8r0OOquoLd5NNBTzYHoYcZBj1SOW2BlSWQ==
