# THIS IS AN AUTOGENERATED FILE. DO NOT EDIT THIS FILE DIRECTLY.
# yarn lockfile v1


"@hugojosefson/env-config@^1.3.0":
  version "1.3.0"
  resolved "https://registry.yarnpkg.com/@hugojosefson/env-config/-/env-config-1.3.0.tgz#00e48addd9bf5ac11169b40cb6fa75163ae984ba"
  integrity sha512-QlQDAUncdXwiWKwaHPoiwvbYKWqgCZWV7WOfRD4YNrGF1y3KUNEyqLl8RsISKG9GYr/alEMvlLX3bAV4rbNROg==
