# THIS IS AN AUTOGENERATED FILE. DO NOT EDIT THIS FILE DIRECTLY.
# yarn lockfile v1


"@hugojosefson/env-config@^1.0.4":
  version "1.0.5"
  resolved "https://registry.yarnpkg.com/@hugojosefson/env-config/-/env-config-1.0.5.tgz#6917cc74a254428602da26fa86f00c81d6102c7f"
  integrity sha512-qEmdp5GzTLOImk89x+KRtQi1c84CK9cBznbA6RZWX0R2OxdoZt7mw/xzHfgpZ/Nw4EX4oHQULiXi+LeexBN3Fg==
